
Microsoft Visual Studio Solution File, Format Version 12.00
# Visual Studio 15
VisualStudioVersion = 15.0.26228.9
MinimumVisualStudioVersion = 10.0.40219.1
Project("{FAE04EC0-301F-11D3-BF4B-00C04F79EFBC}") = "UsersMaintenance", "UsersMaintenance\UsersMaintenance.csproj", "{8B91A8B6-2FA2-4C18-95F5-8FA64336D8EA}"
EndProject
Project("{FAE04EC0-301F-11D3-BF4B-00C04F79EFBC}") = "PushNotificationEngines", "PushNotificationEngines\PushNotificationEngines.csproj", "{77FDEC9F-6871-410F-8217-5EF085C7D3F0}"
EndProject
Project("{FAE04EC0-301F-11D3-BF4B-00C04F79EFBC}") = "CleanInterested", "CleanInterested\CleanInterested.csproj", "{5C82BDC2-C747-47AF-9E65-87793D1F8730}"
EndProject
Project("{FAE04EC0-301F-11D3-BF4B-00C04F79EFBC}") = "BusinessNumbersUpdatedPush", "BusinessNumbersUpdatedPush\BusinessNumbersUpdatedPush.csproj", "{58A322BD-E692-4A69-B705-627EE6890600}"
EndProject
Project("{FAE04EC0-301F-11D3-BF4B-00C04F79EFBC}") = "PushToClients", "PushToClients\PushToClients.csproj", "{76F9304D-D51F-4887-85BB-F2F1604A5518}"
EndProject
Project("{FAE04EC0-301F-11D3-BF4B-00C04F79EFBC}") = "ContactDetailsCleenupTask", "ContactDetailsCleenupTask\ContactDetailsCleenupTask.csproj", "{9466A836-355A-4B7D-A02D-BE7AD4DB85D9}"
EndProject
Project("{FAE04EC0-301F-11D3-BF4B-00C04F79EFBC}") = "AzureStorage", "AzureStorage\AzureStorage.csproj", "{E6E8E0AB-5416-40A6-AC68-B5081AC1D6CF}"
EndProject
Project("{FAE04EC0-301F-11D3-BF4B-00C04F79EFBC}") = "CommonInterfaces", "CommonInterfaces\CommonInterfaces.csproj", "{5E53045C-4ACD-413A-8BA8-6B0B1AFAFBF2}"
EndProject
Project("{FAE04EC0-301F-11D3-BF4B-00C04F79EFBC}") = "DataStore", "DataStore\DataStore.csproj", "{5CF7F086-BFF1-403E-921B-6F91F2037332}"
EndProject
Project("{FAE04EC0-301F-11D3-BF4B-00C04F79EFBC}") = "CommonTools", "CommonTools\CommonTools.csproj", "{4C068B83-8FC0-4096-A94A-6981257C2F27}"
EndProject
Project("{FAE04EC0-301F-11D3-BF4B-00C04F79EFBC}") = "ExcellLoader", "ExcellLoader\ExcellLoader.csproj", "{CD8A8E5E-491A-4B6B-A39E-E494780A1321}"
EndProject
Global
	GlobalSection(SolutionConfigurationPlatforms) = preSolution
		Debug|Any CPU = Debug|Any CPU
		DebugDevelopment|Any CPU = DebugDevelopment|Any CPU
		DevDebug|Any CPU = DevDebug|Any CPU
		Release|Any CPU = Release|Any CPU
		ReleaseDevelopment|Any CPU = ReleaseDevelopment|Any CPU
	EndGlobalSection
	GlobalSection(ProjectConfigurationPlatforms) = postSolution
		{8B91A8B6-2FA2-4C18-95F5-8FA64336D8EA}.Debug|Any CPU.ActiveCfg = Debug|Any CPU
		{8B91A8B6-2FA2-4C18-95F5-8FA64336D8EA}.Debug|Any CPU.Build.0 = Debug|Any CPU
		{8B91A8B6-2FA2-4C18-95F5-8FA64336D8EA}.DebugDevelopment|Any CPU.ActiveCfg = Debug|Any CPU
		{8B91A8B6-2FA2-4C18-95F5-8FA64336D8EA}.DebugDevelopment|Any CPU.Build.0 = Debug|Any CPU
		{8B91A8B6-2FA2-4C18-95F5-8FA64336D8EA}.DevDebug|Any CPU.ActiveCfg = Debug|Any CPU
		{8B91A8B6-2FA2-4C18-95F5-8FA64336D8EA}.DevDebug|Any CPU.Build.0 = Debug|Any CPU
		{8B91A8B6-2FA2-4C18-95F5-8FA64336D8EA}.Release|Any CPU.ActiveCfg = Release|Any CPU
		{8B91A8B6-2FA2-4C18-95F5-8FA64336D8EA}.Release|Any CPU.Build.0 = Release|Any CPU
		{8B91A8B6-2FA2-4C18-95F5-8FA64336D8EA}.ReleaseDevelopment|Any CPU.ActiveCfg = Release|Any CPU
		{8B91A8B6-2FA2-4C18-95F5-8FA64336D8EA}.ReleaseDevelopment|Any CPU.Build.0 = Release|Any CPU
		{77FDEC9F-6871-410F-8217-5EF085C7D3F0}.Debug|Any CPU.ActiveCfg = Debug|Any CPU
		{77FDEC9F-6871-410F-8217-5EF085C7D3F0}.Debug|Any CPU.Build.0 = Debug|Any CPU
		{77FDEC9F-6871-410F-8217-5EF085C7D3F0}.DebugDevelopment|Any CPU.ActiveCfg = Debug|Any CPU
		{77FDEC9F-6871-410F-8217-5EF085C7D3F0}.DebugDevelopment|Any CPU.Build.0 = Debug|Any CPU
		{77FDEC9F-6871-410F-8217-5EF085C7D3F0}.DevDebug|Any CPU.ActiveCfg = Debug|Any CPU
		{77FDEC9F-6871-410F-8217-5EF085C7D3F0}.DevDebug|Any CPU.Build.0 = Debug|Any CPU
		{77FDEC9F-6871-410F-8217-5EF085C7D3F0}.Release|Any CPU.ActiveCfg = Release|Any CPU
		{77FDEC9F-6871-410F-8217-5EF085C7D3F0}.Release|Any CPU.Build.0 = Release|Any CPU
		{77FDEC9F-6871-410F-8217-5EF085C7D3F0}.ReleaseDevelopment|Any CPU.ActiveCfg = Release|Any CPU
		{77FDEC9F-6871-410F-8217-5EF085C7D3F0}.ReleaseDevelopment|Any CPU.Build.0 = Release|Any CPU
		{5C82BDC2-C747-47AF-9E65-87793D1F8730}.Debug|Any CPU.ActiveCfg = Debug|Any CPU
		{5C82BDC2-C747-47AF-9E65-87793D1F8730}.Debug|Any CPU.Build.0 = Debug|Any CPU
		{5C82BDC2-C747-47AF-9E65-87793D1F8730}.DebugDevelopment|Any CPU.ActiveCfg = Debug|Any CPU
		{5C82BDC2-C747-47AF-9E65-87793D1F8730}.DebugDevelopment|Any CPU.Build.0 = Debug|Any CPU
		{5C82BDC2-C747-47AF-9E65-87793D1F8730}.DevDebug|Any CPU.ActiveCfg = Debug|Any CPU
		{5C82BDC2-C747-47AF-9E65-87793D1F8730}.DevDebug|Any CPU.Build.0 = Debug|Any CPU
		{5C82BDC2-C747-47AF-9E65-87793D1F8730}.Release|Any CPU.ActiveCfg = Release|Any CPU
		{5C82BDC2-C747-47AF-9E65-87793D1F8730}.Release|Any CPU.Build.0 = Release|Any CPU
		{5C82BDC2-C747-47AF-9E65-87793D1F8730}.ReleaseDevelopment|Any CPU.ActiveCfg = Release|Any CPU
		{5C82BDC2-C747-47AF-9E65-87793D1F8730}.ReleaseDevelopment|Any CPU.Build.0 = Release|Any CPU
		{58A322BD-E692-4A69-B705-627EE6890600}.Debug|Any CPU.ActiveCfg = Debug|Any CPU
		{58A322BD-E692-4A69-B705-627EE6890600}.Debug|Any CPU.Build.0 = Debug|Any CPU
		{58A322BD-E692-4A69-B705-627EE6890600}.DebugDevelopment|Any CPU.ActiveCfg = Debug|Any CPU
		{58A322BD-E692-4A69-B705-627EE6890600}.DebugDevelopment|Any CPU.Build.0 = Debug|Any CPU
		{58A322BD-E692-4A69-B705-627EE6890600}.DevDebug|Any CPU.ActiveCfg = Debug|Any CPU
		{58A322BD-E692-4A69-B705-627EE6890600}.DevDebug|Any CPU.Build.0 = Debug|Any CPU
		{58A322BD-E692-4A69-B705-627EE6890600}.Release|Any CPU.ActiveCfg = Release|Any CPU
		{58A322BD-E692-4A69-B705-627EE6890600}.Release|Any CPU.Build.0 = Release|Any CPU
		{58A322BD-E692-4A69-B705-627EE6890600}.ReleaseDevelopment|Any CPU.ActiveCfg = Release|Any CPU
		{58A322BD-E692-4A69-B705-627EE6890600}.ReleaseDevelopment|Any CPU.Build.0 = Release|Any CPU
		{76F9304D-D51F-4887-85BB-F2F1604A5518}.Debug|Any CPU.ActiveCfg = Debug|Any CPU
		{76F9304D-D51F-4887-85BB-F2F1604A5518}.Debug|Any CPU.Build.0 = Debug|Any CPU
		{76F9304D-D51F-4887-85BB-F2F1604A5518}.DebugDevelopment|Any CPU.ActiveCfg = Debug|Any CPU
		{76F9304D-D51F-4887-85BB-F2F1604A5518}.DebugDevelopment|Any CPU.Build.0 = Debug|Any CPU
		{76F9304D-D51F-4887-85BB-F2F1604A5518}.DevDebug|Any CPU.ActiveCfg = Debug|Any CPU
		{76F9304D-D51F-4887-85BB-F2F1604A5518}.DevDebug|Any CPU.Build.0 = Debug|Any CPU
		{76F9304D-D51F-4887-85BB-F2F1604A5518}.Release|Any CPU.ActiveCfg = Release|Any CPU
		{76F9304D-D51F-4887-85BB-F2F1604A5518}.Release|Any CPU.Build.0 = Release|Any CPU
		{76F9304D-D51F-4887-85BB-F2F1604A5518}.ReleaseDevelopment|Any CPU.ActiveCfg = Release|Any CPU
		{76F9304D-D51F-4887-85BB-F2F1604A5518}.ReleaseDevelopment|Any CPU.Build.0 = Release|Any CPU
		{9466A836-355A-4B7D-A02D-BE7AD4DB85D9}.Debug|Any CPU.ActiveCfg = Debug|Any CPU
		{9466A836-355A-4B7D-A02D-BE7AD4DB85D9}.Debug|Any CPU.Build.0 = Debug|Any CPU
		{9466A836-355A-4B7D-A02D-BE7AD4DB85D9}.DebugDevelopment|Any CPU.ActiveCfg = Debug|Any CPU
		{9466A836-355A-4B7D-A02D-BE7AD4DB85D9}.DebugDevelopment|Any CPU.Build.0 = Debug|Any CPU
		{9466A836-355A-4B7D-A02D-BE7AD4DB85D9}.DevDebug|Any CPU.ActiveCfg = Debug|Any CPU
		{9466A836-355A-4B7D-A02D-BE7AD4DB85D9}.DevDebug|Any CPU.Build.0 = Debug|Any CPU
		{9466A836-355A-4B7D-A02D-BE7AD4DB85D9}.Release|Any CPU.ActiveCfg = Release|Any CPU
		{9466A836-355A-4B7D-A02D-BE7AD4DB85D9}.Release|Any CPU.Build.0 = Release|Any CPU
		{9466A836-355A-4B7D-A02D-BE7AD4DB85D9}.ReleaseDevelopment|Any CPU.ActiveCfg = Release|Any CPU
		{9466A836-355A-4B7D-A02D-BE7AD4DB85D9}.ReleaseDevelopment|Any CPU.Build.0 = Release|Any CPU
		{E6E8E0AB-5416-40A6-AC68-B5081AC1D6CF}.Debug|Any CPU.ActiveCfg = Debug|Any CPU
		{E6E8E0AB-5416-40A6-AC68-B5081AC1D6CF}.Debug|Any CPU.Build.0 = Debug|Any CPU
		{E6E8E0AB-5416-40A6-AC68-B5081AC1D6CF}.DebugDevelopment|Any CPU.ActiveCfg = Debug|Any CPU
		{E6E8E0AB-5416-40A6-AC68-B5081AC1D6CF}.DebugDevelopment|Any CPU.Build.0 = Debug|Any CPU
		{E6E8E0AB-5416-40A6-AC68-B5081AC1D6CF}.DevDebug|Any CPU.ActiveCfg = Debug|Any CPU
		{E6E8E0AB-5416-40A6-AC68-B5081AC1D6CF}.DevDebug|Any CPU.Build.0 = Debug|Any CPU
		{E6E8E0AB-5416-40A6-AC68-B5081AC1D6CF}.Release|Any CPU.ActiveCfg = Release|Any CPU
		{E6E8E0AB-5416-40A6-AC68-B5081AC1D6CF}.Release|Any CPU.Build.0 = Release|Any CPU
		{E6E8E0AB-5416-40A6-AC68-B5081AC1D6CF}.ReleaseDevelopment|Any CPU.ActiveCfg = Release|Any CPU
		{E6E8E0AB-5416-40A6-AC68-B5081AC1D6CF}.ReleaseDevelopment|Any CPU.Build.0 = Release|Any CPU
		{5E53045C-4ACD-413A-8BA8-6B0B1AFAFBF2}.Debug|Any CPU.ActiveCfg = Debug|Any CPU
		{5E53045C-4ACD-413A-8BA8-6B0B1AFAFBF2}.Debug|Any CPU.Build.0 = Debug|Any CPU
		{5E53045C-4ACD-413A-8BA8-6B0B1AFAFBF2}.DebugDevelopment|Any CPU.ActiveCfg = Debug|Any CPU
		{5E53045C-4ACD-413A-8BA8-6B0B1AFAFBF2}.DebugDevelopment|Any CPU.Build.0 = Debug|Any CPU
		{5E53045C-4ACD-413A-8BA8-6B0B1AFAFBF2}.DevDebug|Any CPU.ActiveCfg = Debug|Any CPU
		{5E53045C-4ACD-413A-8BA8-6B0B1AFAFBF2}.DevDebug|Any CPU.Build.0 = Debug|Any CPU
		{5E53045C-4ACD-413A-8BA8-6B0B1AFAFBF2}.Release|Any CPU.ActiveCfg = Release|Any CPU
		{5E53045C-4ACD-413A-8BA8-6B0B1AFAFBF2}.Release|Any CPU.Build.0 = Release|Any CPU
		{5E53045C-4ACD-413A-8BA8-6B0B1AFAFBF2}.ReleaseDevelopment|Any CPU.ActiveCfg = Release|Any CPU
		{5E53045C-4ACD-413A-8BA8-6B0B1AFAFBF2}.ReleaseDevelopment|Any CPU.Build.0 = Release|Any CPU
		{5CF7F086-BFF1-403E-921B-6F91F2037332}.Debug|Any CPU.ActiveCfg = Debug|Any CPU
		{5CF7F086-BFF1-403E-921B-6F91F2037332}.Debug|Any CPU.Build.0 = Debug|Any CPU
		{5CF7F086-BFF1-403E-921B-6F91F2037332}.DebugDevelopment|Any CPU.ActiveCfg = DebugDevelopment|Any CPU
		{5CF7F086-BFF1-403E-921B-6F91F2037332}.DebugDevelopment|Any CPU.Build.0 = DebugDevelopment|Any CPU
		{5CF7F086-BFF1-403E-921B-6F91F2037332}.DevDebug|Any CPU.ActiveCfg = DevDebug|Any CPU
		{5CF7F086-BFF1-403E-921B-6F91F2037332}.DevDebug|Any CPU.Build.0 = DevDebug|Any CPU
		{5CF7F086-BFF1-403E-921B-6F91F2037332}.Release|Any CPU.ActiveCfg = Release|Any CPU
		{5CF7F086-BFF1-403E-921B-6F91F2037332}.Release|Any CPU.Build.0 = Release|Any CPU
		{5CF7F086-BFF1-403E-921B-6F91F2037332}.ReleaseDevelopment|Any CPU.ActiveCfg = ReleaseDevelopment|Any CPU
		{5CF7F086-BFF1-403E-921B-6F91F2037332}.ReleaseDevelopment|Any CPU.Build.0 = ReleaseDevelopment|Any CPU
		{4C068B83-8FC0-4096-A94A-6981257C2F27}.Debug|Any CPU.ActiveCfg = Debug|Any CPU
		{4C068B83-8FC0-4096-A94A-6981257C2F27}.Debug|Any CPU.Build.0 = Debug|Any CPU
		{4C068B83-8FC0-4096-A94A-6981257C2F27}.DebugDevelopment|Any CPU.ActiveCfg = Debug|Any CPU
		{4C068B83-8FC0-4096-A94A-6981257C2F27}.DebugDevelopment|Any CPU.Build.0 = Debug|Any CPU
		{4C068B83-8FC0-4096-A94A-6981257C2F27}.DevDebug|Any CPU.ActiveCfg = Debug|Any CPU
		{4C068B83-8FC0-4096-A94A-6981257C2F27}.DevDebug|Any CPU.Build.0 = Debug|Any CPU
		{4C068B83-8FC0-4096-A94A-6981257C2F27}.Release|Any CPU.ActiveCfg = Release|Any CPU
		{4C068B83-8FC0-4096-A94A-6981257C2F27}.Release|Any CPU.Build.0 = Release|Any CPU
		{4C068B83-8FC0-4096-A94A-6981257C2F27}.ReleaseDevelopment|Any CPU.ActiveCfg = Release|Any CPU
		{4C068B83-8FC0-4096-A94A-6981257C2F27}.ReleaseDevelopment|Any CPU.Build.0 = Release|Any CPU
		{CD8A8E5E-491A-4B6B-A39E-E494780A1321}.Debug|Any CPU.ActiveCfg = Debug|Any CPU
		{CD8A8E5E-491A-4B6B-A39E-E494780A1321}.Debug|Any CPU.Build.0 = Debug|Any CPU
		{CD8A8E5E-491A-4B6B-A39E-E494780A1321}.DebugDevelopment|Any CPU.ActiveCfg = Debug|Any CPU
		{CD8A8E5E-491A-4B6B-A39E-E494780A1321}.DebugDevelopment|Any CPU.Build.0 = Debug|Any CPU
		{CD8A8E5E-491A-4B6B-A39E-E494780A1321}.DevDebug|Any CPU.ActiveCfg = Debug|Any CPU
		{CD8A8E5E-491A-4B6B-A39E-E494780A1321}.DevDebug|Any CPU.Build.0 = Debug|Any CPU
		{CD8A8E5E-491A-4B6B-A39E-E494780A1321}.Release|Any CPU.ActiveCfg = Release|Any CPU
		{CD8A8E5E-491A-4B6B-A39E-E494780A1321}.Release|Any CPU.Build.0 = Release|Any CPU
		{CD8A8E5E-491A-4B6B-A39E-E494780A1321}.ReleaseDevelopment|Any CPU.ActiveCfg = Release|Any CPU
		{CD8A8E5E-491A-4B6B-A39E-E494780A1321}.ReleaseDevelopment|Any CPU.Build.0 = Release|Any CPU
	EndGlobalSection
	GlobalSection(SolutionProperties) = preSolution
		HideSolutionNode = FALSE
	EndGlobalSection
	GlobalSection(ExtensibilityGlobals) = postSolution
		EnterpriseLibraryConfigurationToolBinariesPathV6 = packages\EnterpriseLibrary.TransientFaultHandling.6.0.1304.0\lib\portable-net45+win+wp8;packages\EnterpriseLibrary.TransientFaultHandling.Data.6.0.1304.1\lib\NET45
	EndGlobalSection
EndGlobal
